// !$*UTF8*$!
{
	archiveVersion = 1;
	classes = {
	};
	objectVersion = 56;
	objects = {

/* Begin PBXBuildFile section */
		1116590F2A3E212D00B6A02A /* Your_TripApp.swift in Sources */ = {isa = PBXBuildFile; fileRef = 1116590E2A3E212D00B6A02A /* Your_TripApp.swift */; };
		111659112A3E212D00B6A02A /* ContentView.swift in Sources */ = {isa = PBXBuildFile; fileRef = 111659102A3E212D00B6A02A /* ContentView.swift */; };
		111659132A3E212E00B6A02A /* Assets.xcassets in Resources */ = {isa = PBXBuildFile; fileRef = 111659122A3E212E00B6A02A /* Assets.xcassets */; };
		111659162A3E212E00B6A02A /* Preview Assets.xcassets in Resources */ = {isa = PBXBuildFile; fileRef = 111659152A3E212E00B6A02A /* Preview Assets.xcassets */; };
		111659202A3E212E00B6A02A /* Your_TripTests.swift in Sources */ = {isa = PBXBuildFile; fileRef = 1116591F2A3E212E00B6A02A /* Your_TripTests.swift */; };
		1116592A2A3E212E00B6A02A /* Your_TripUITests.swift in Sources */ = {isa = PBXBuildFile; fileRef = 111659292A3E212E00B6A02A /* Your_TripUITests.swift */; };
		1116592C2A3E212E00B6A02A /* Your_TripUITestsLaunchTests.swift in Sources */ = {isa = PBXBuildFile; fileRef = 1116592B2A3E212E00B6A02A /* Your_TripUITestsLaunchTests.swift */; };
		1116593A2A3E227C00B6A02A /* ComposableArchitecture in Frameworks */ = {isa = PBXBuildFile; productRef = 111659392A3E227C00B6A02A /* ComposableArchitecture */; };
/* End PBXBuildFile section */

/* Begin PBXContainerItemProxy section */
		1116591C2A3E212E00B6A02A /* PBXContainerItemProxy */ = {
			isa = PBXContainerItemProxy;
			containerPortal = 111659032A3E212D00B6A02A /* Project object */;
			proxyType = 1;
			remoteGlobalIDString = 1116590A2A3E212D00B6A02A;
			remoteInfo = "Your Trip";
		};
		111659262A3E212E00B6A02A /* PBXContainerItemProxy */ = {
			isa = PBXContainerItemProxy;
			containerPortal = 111659032A3E212D00B6A02A /* Project object */;
			proxyType = 1;
			remoteGlobalIDString = 1116590A2A3E212D00B6A02A;
			remoteInfo = "Your Trip";
		};
/* End PBXContainerItemProxy section */

/* Begin PBXFileReference section */
		1116590B2A3E212D00B6A02A /* Your Trip.app */ = {isa = PBXFileReference; explicitFileType = wrapper.application; includeInIndex = 0; path = "Your Trip.app"; sourceTree = BUILT_PRODUCTS_DIR; };
		1116590E2A3E212D00B6A02A /* Your_TripApp.swift */ = {isa = PBXFileReference; lastKnownFileType = sourcecode.swift; path = Your_TripApp.swift; sourceTree = "<group>"; };
		111659102A3E212D00B6A02A /* ContentView.swift */ = {isa = PBXFileReference; lastKnownFileType = sourcecode.swift; path = ContentView.swift; sourceTree = "<group>"; };
		111659122A3E212E00B6A02A /* Assets.xcassets */ = {isa = PBXFileReference; lastKnownFileType = folder.assetcatalog; path = Assets.xcassets; sourceTree = "<group>"; };
		111659152A3E212E00B6A02A /* Preview Assets.xcassets */ = {isa = PBXFileReference; lastKnownFileType = folder.assetcatalog; path = "Preview Assets.xcassets"; sourceTree = "<group>"; };
		1116591B2A3E212E00B6A02A /* Your TripTests.xctest */ = {isa = PBXFileReference; explicitFileType = wrapper.cfbundle; includeInIndex = 0; path = "Your TripTests.xctest"; sourceTree = BUILT_PRODUCTS_DIR; };
		1116591F2A3E212E00B6A02A /* Your_TripTests.swift */ = {isa = PBXFileReference; lastKnownFileType = sourcecode.swift; path = Your_TripTests.swift; sourceTree = "<group>"; };
		111659252A3E212E00B6A02A /* Your TripUITests.xctest */ = {isa = PBXFileReference; explicitFileType = wrapper.cfbundle; includeInIndex = 0; path = "Your TripUITests.xctest"; sourceTree = BUILT_PRODUCTS_DIR; };
		111659292A3E212E00B6A02A /* Your_TripUITests.swift */ = {isa = PBXFileReference; lastKnownFileType = sourcecode.swift; path = Your_TripUITests.swift; sourceTree = "<group>"; };
		1116592B2A3E212E00B6A02A /* Your_TripUITestsLaunchTests.swift */ = {isa = PBXFileReference; lastKnownFileType = sourcecode.swift; path = Your_TripUITestsLaunchTests.swift; sourceTree = "<group>"; };
/* End PBXFileReference section */

/* Begin PBXFrameworksBuildPhase section */
		111659082A3E212D00B6A02A /* Frameworks */ = {
			isa = PBXFrameworksBuildPhase;
			buildActionMask = 2147483647;
			files = (
				1116593A2A3E227C00B6A02A /* ComposableArchitecture in Frameworks */,
			);
			runOnlyForDeploymentPostprocessing = 0;
		};
		111659182A3E212E00B6A02A /* Frameworks */ = {
			isa = PBXFrameworksBuildPhase;
			buildActionMask = 2147483647;
			files = (
			);
			runOnlyForDeploymentPostprocessing = 0;
		};
		111659222A3E212E00B6A02A /* Frameworks */ = {
			isa = PBXFrameworksBuildPhase;
			buildActionMask = 2147483647;
			files = (
			);
			runOnlyForDeploymentPostprocessing = 0;
		};
/* End PBXFrameworksBuildPhase section */

/* Begin PBXGroup section */
		111659022A3E212D00B6A02A = {
			isa = PBXGroup;
			children = (
				1116590D2A3E212D00B6A02A /* Your Trip */,
				1116591E2A3E212E00B6A02A /* Your TripTests */,
				111659282A3E212E00B6A02A /* Your TripUITests */,
				1116590C2A3E212D00B6A02A /* Products */,
			);
			sourceTree = "<group>";
		};
		1116590C2A3E212D00B6A02A /* Products */ = {
			isa = PBXGroup;
			children = (
				1116590B2A3E212D00B6A02A /* Your Trip.app */,
				1116591B2A3E212E00B6A02A /* Your TripTests.xctest */,
				111659252A3E212E00B6A02A /* Your TripUITests.xctest */,
			);
			name = Products;
			sourceTree = "<group>";
		};
		1116590D2A3E212D00B6A02A /* Your Trip */ = {
			isa = PBXGroup;
			children = (
				1116590E2A3E212D00B6A02A /* Your_TripApp.swift */,
				111659102A3E212D00B6A02A /* ContentView.swift */,
				111659122A3E212E00B6A02A /* Assets.xcassets */,
				111659142A3E212E00B6A02A /* Preview Content */,
			);
			path = "Your Trip";
			sourceTree = "<group>";
		};
		111659142A3E212E00B6A02A /* Preview Content */ = {
			isa = PBXGroup;
			children = (
				111659152A3E212E00B6A02A /* Preview Assets.xcassets */,
			);
			path = "Preview Content";
			sourceTree = "<group>";
		};
		1116591E2A3E212E00B6A02A /* Your TripTests */ = {
			isa = PBXGroup;
			children = (
				1116591F2A3E212E00B6A02A /* Your_TripTests.swift */,
			);
			path = "Your TripTests";
			sourceTree = "<group>";
		};
		111659282A3E212E00B6A02A /* Your TripUITests */ = {
			isa = PBXGroup;
			children = (
				111659292A3E212E00B6A02A /* Your_TripUITests.swift */,
				1116592B2A3E212E00B6A02A /* Your_TripUITestsLaunchTests.swift */,
			);
			path = "Your TripUITests";
			sourceTree = "<group>";
		};
/* End PBXGroup section */

/* Begin PBXNativeTarget section */
		1116590A2A3E212D00B6A02A /* Your Trip */ = {
			isa = PBXNativeTarget;
			buildConfigurationList = 1116592F2A3E212E00B6A02A /* Build configuration list for PBXNativeTarget "Your Trip" */;
			buildPhases = (
				111659072A3E212D00B6A02A /* Sources */,
				111659082A3E212D00B6A02A /* Frameworks */,
				111659092A3E212D00B6A02A /* Resources */,
			);
			buildRules = (
			);
			dependencies = (
			);
			name = "Your Trip";
			packageProductDependencies = (
				111659392A3E227C00B6A02A /* ComposableArchitecture */,
			);
			productName = "Your Trip";
			productReference = 1116590B2A3E212D00B6A02A /* Your Trip.app */;
			productType = "com.apple.product-type.application";
		};
		1116591A2A3E212E00B6A02A /* Your TripTests */ = {
			isa = PBXNativeTarget;
			buildConfigurationList = 111659322A3E212E00B6A02A /* Build configuration list for PBXNativeTarget "Your TripTests" */;
			buildPhases = (
				111659172A3E212E00B6A02A /* Sources */,
				111659182A3E212E00B6A02A /* Frameworks */,
				111659192A3E212E00B6A02A /* Resources */,
			);
			buildRules = (
			);
			dependencies = (
				1116591D2A3E212E00B6A02A /* PBXTargetDependency */,
			);
			name = "Your TripTests";
			productName = "Your TripTests";
			productReference = 1116591B2A3E212E00B6A02A /* Your TripTests.xctest */;
			productType = "com.apple.product-type.bundle.unit-test";
		};
		111659242A3E212E00B6A02A /* Your TripUITests */ = {
			isa = PBXNativeTarget;
			buildConfigurationList = 111659352A3E212E00B6A02A /* Build configuration list for PBXNativeTarget "Your TripUITests" */;
			buildPhases = (
				111659212A3E212E00B6A02A /* Sources */,
				111659222A3E212E00B6A02A /* Frameworks */,
				111659232A3E212E00B6A02A /* Resources */,
			);
			buildRules = (
			);
			dependencies = (
				111659272A3E212E00B6A02A /* PBXTargetDependency */,
			);
			name = "Your TripUITests";
			productName = "Your TripUITests";
			productReference = 111659252A3E212E00B6A02A /* Your TripUITests.xctest */;
			productType = "com.apple.product-type.bundle.ui-testing";
		};
/* End PBXNativeTarget section */

/* Begin PBXProject section */
		111659032A3E212D00B6A02A /* Project object */ = {
			isa = PBXProject;
			attributes = {
				BuildIndependentTargetsInParallel = 1;
				LastSwiftUpdateCheck = 1430;
				LastUpgradeCheck = 1430;
				TargetAttributes = {
					1116590A2A3E212D00B6A02A = {
						CreatedOnToolsVersion = 14.3.1;
					};
					1116591A2A3E212E00B6A02A = {
						CreatedOnToolsVersion = 14.3.1;
						TestTargetID = 1116590A2A3E212D00B6A02A;
					};
					111659242A3E212E00B6A02A = {
						CreatedOnToolsVersion = 14.3.1;
						TestTargetID = 1116590A2A3E212D00B6A02A;
					};
				};
			};
			buildConfigurationList = 111659062A3E212D00B6A02A /* Build configuration list for PBXProject "Your Trip" */;
			compatibilityVersion = "Xcode 14.0";
			developmentRegion = en;
			hasScannedForEncodings = 0;
			knownRegions = (
				en,
				Base,
			);
			mainGroup = 111659022A3E212D00B6A02A;
			packageReferences = (
				111659382A3E227C00B6A02A /* XCRemoteSwiftPackageReference "swift-composable-architecture" */,
			);
			productRefGroup = 1116590C2A3E212D00B6A02A /* Products */;
			projectDirPath = "";
			projectRoot = "";
			targets = (
				1116590A2A3E212D00B6A02A /* Your Trip */,
				1116591A2A3E212E00B6A02A /* Your TripTests */,
				111659242A3E212E00B6A02A /* Your TripUITests */,
			);
		};
/* End PBXProject section */

/* Begin PBXResourcesBuildPhase section */
		111659092A3E212D00B6A02A /* Resources */ = {
			isa = PBXResourcesBuildPhase;
			buildActionMask = 2147483647;
			files = (
				111659162A3E212E00B6A02A /* Preview Assets.xcassets in Resources */,
				111659132A3E212E00B6A02A /* Assets.xcassets in Resources */,
			);
			runOnlyForDeploymentPostprocessing = 0;
		};
		111659192A3E212E00B6A02A /* Resources */ = {
			isa = PBXResourcesBuildPhase;
			buildActionMask = 2147483647;
			files = (
			);
			runOnlyForDeploymentPostprocessing = 0;
		};
		111659232A3E212E00B6A02A /* Resources */ = {
			isa = PBXResourcesBuildPhase;
			buildActionMask = 2147483647;
			files = (
			);
			runOnlyForDeploymentPostprocessing = 0;
		};
/* End PBXResourcesBuildPhase section */

/* Begin PBXSourcesBuildPhase section */
		111659072A3E212D00B6A02A /* Sources */ = {
			isa = PBXSourcesBuildPhase;
			buildActionMask = 2147483647;
			files = (
				111659112A3E212D00B6A02A /* ContentView.swift in Sources */,
				1116590F2A3E212D00B6A02A /* Your_TripApp.swift in Sources */,
			);
			runOnlyForDeploymentPostprocessing = 0;
		};
		111659172A3E212E00B6A02A /* Sources */ = {
			isa = PBXSourcesBuildPhase;
			buildActionMask = 2147483647;
			files = (
				111659202A3E212E00B6A02A /* Your_TripTests.swift in Sources */,
			);
			runOnlyForDeploymentPostprocessing = 0;
		};
		111659212A3E212E00B6A02A /* Sources */ = {
			isa = PBXSourcesBuildPhase;
			buildActionMask = 2147483647;
			files = (
				1116592C2A3E212E00B6A02A /* Your_TripUITestsLaunchTests.swift in Sources */,
				1116592A2A3E212E00B6A02A /* Your_TripUITests.swift in Sources */,
			);
			runOnlyForDeploymentPostprocessing = 0;
		};
/* End PBXSourcesBuildPhase section */

/* Begin PBXTargetDependency section */
		1116591D2A3E212E00B6A02A /* PBXTargetDependency */ = {
			isa = PBXTargetDependency;
			target = 1116590A2A3E212D00B6A02A /* Your Trip */;
			targetProxy = 1116591C2A3E212E00B6A02A /* PBXContainerItemProxy */;
		};
		111659272A3E212E00B6A02A /* PBXTargetDependency */ = {
			isa = PBXTargetDependency;
			target = 1116590A2A3E212D00B6A02A /* Your Trip */;
			targetProxy = 111659262A3E212E00B6A02A /* PBXContainerItemProxy */;
		};
/* End PBXTargetDependency section */

/* Begin XCBuildConfiguration section */
		1116592D2A3E212E00B6A02A /* Debug */ = {
			isa = XCBuildConfiguration;
			buildSettings = {
				ALWAYS_SEARCH_USER_PATHS = NO;
				CLANG_ANALYZER_NONNULL = YES;
				CLANG_ANALYZER_NUMBER_OBJECT_CONVERSION = YES_AGGRESSIVE;
				CLANG_CXX_LANGUAGE_STANDARD = "gnu++20";
				CLANG_ENABLE_MODULES = YES;
				CLANG_ENABLE_OBJC_ARC = YES;
				CLANG_ENABLE_OBJC_WEAK = YES;
				CLANG_WARN_BLOCK_CAPTURE_AUTORELEASING = YES;
				CLANG_WARN_BOOL_CONVERSION = YES;
				CLANG_WARN_COMMA = YES;
				CLANG_WARN_CONSTANT_CONVERSION = YES;
				CLANG_WARN_DEPRECATED_OBJC_IMPLEMENTATIONS = YES;
				CLANG_WARN_DIRECT_OBJC_ISA_USAGE = YES_ERROR;
				CLANG_WARN_DOCUMENTATION_COMMENTS = YES;
				CLANG_WARN_EMPTY_BODY = YES;
				CLANG_WARN_ENUM_CONVERSION = YES;
				CLANG_WARN_INFINITE_RECURSION = YES;
				CLANG_WARN_INT_CONVERSION = YES;
				CLANG_WARN_NON_LITERAL_NULL_CONVERSION = YES;
				CLANG_WARN_OBJC_IMPLICIT_RETAIN_SELF = YES;
				CLANG_WARN_OBJC_LITERAL_CONVERSION = YES;
				CLANG_WARN_OBJC_ROOT_CLASS = YES_ERROR;
				CLANG_WARN_QUOTED_INCLUDE_IN_FRAMEWORK_HEADER = YES;
				CLANG_WARN_RANGE_LOOP_ANALYSIS = YES;
				CLANG_WARN_STRICT_PROTOTYPES = YES;
				CLANG_WARN_SUSPICIOUS_MOVE = YES;
				CLANG_WARN_UNGUARDED_AVAILABILITY = YES_AGGRESSIVE;
				CLANG_WARN_UNREACHABLE_CODE = YES;
				CLANG_WARN__DUPLICATE_METHOD_MATCH = YES;
				COPY_PHASE_STRIP = NO;
				DEBUG_INFORMATION_FORMAT = dwarf;
				ENABLE_STRICT_OBJC_MSGSEND = YES;
				ENABLE_TESTABILITY = YES;
				GCC_C_LANGUAGE_STANDARD = gnu11;
				GCC_DYNAMIC_NO_PIC = NO;
				GCC_NO_COMMON_BLOCKS = YES;
				GCC_OPTIMIZATION_LEVEL = 0;
				GCC_PREPROCESSOR_DEFINITIONS = (
					"DEBUG=1",
					"$(inherited)",
				);
				GCC_WARN_64_TO_32_BIT_CONVERSION = YES;
				GCC_WARN_ABOUT_RETURN_TYPE = YES_ERROR;
				GCC_WARN_UNDECLARED_SELECTOR = YES;
				GCC_WARN_UNINITIALIZED_AUTOS = YES_AGGRESSIVE;
				GCC_WARN_UNUSED_FUNCTION = YES;
				GCC_WARN_UNUSED_VARIABLE = YES;
				IPHONEOS_DEPLOYMENT_TARGET = 16.4;
				MTL_ENABLE_DEBUG_INFO = INCLUDE_SOURCE;
				MTL_FAST_MATH = YES;
				ONLY_ACTIVE_ARCH = YES;
				SDKROOT = iphoneos;
				SWIFT_ACTIVE_COMPILATION_CONDITIONS = DEBUG;
				SWIFT_OPTIMIZATION_LEVEL = "-Onone";
			};
			name = Debug;
		};
		1116592E2A3E212E00B6A02A /* Release */ = {
			isa = XCBuildConfiguration;
			buildSettings = {
				ALWAYS_SEARCH_USER_PATHS = NO;
				CLANG_ANALYZER_NONNULL = YES;
				CLANG_ANALYZER_NUMBER_OBJECT_CONVERSION = YES_AGGRESSIVE;
				CLANG_CXX_LANGUAGE_STANDARD = "gnu++20";
				CLANG_ENABLE_MODULES = YES;
				CLANG_ENABLE_OBJC_ARC = YES;
				CLANG_ENABLE_OBJC_WEAK = YES;
				CLANG_WARN_BLOCK_CAPTURE_AUTORELEASING = YES;
				CLANG_WARN_BOOL_CONVERSION = YES;
				CLANG_WARN_COMMA = YES;
				CLANG_WARN_CONSTANT_CONVERSION = YES;
				CLANG_WARN_DEPRECATED_OBJC_IMPLEMENTATIONS = YES;
				CLANG_WARN_DIRECT_OBJC_ISA_USAGE = YES_ERROR;
				CLANG_WARN_DOCUMENTATION_COMMENTS = YES;
				CLANG_WARN_EMPTY_BODY = YES;
				CLANG_WARN_ENUM_CONVERSION = YES;
				CLANG_WARN_INFINITE_RECURSION = YES;
				CLANG_WARN_INT_CONVERSION = YES;
				CLANG_WARN_NON_LITERAL_NULL_CONVERSION = YES;
				CLANG_WARN_OBJC_IMPLICIT_RETAIN_SELF = YES;
				CLANG_WARN_OBJC_LITERAL_CONVERSION = YES;
				CLANG_WARN_OBJC_ROOT_CLASS = YES_ERROR;
				CLANG_WARN_QUOTED_INCLUDE_IN_FRAMEWORK_HEADER = YES;
				CLANG_WARN_RANGE_LOOP_ANALYSIS = YES;
				CLANG_WARN_STRICT_PROTOTYPES = YES;
				CLANG_WARN_SUSPICIOUS_MOVE = YES;
				CLANG_WARN_UNGUARDED_AVAILABILITY = YES_AGGRESSIVE;
				CLANG_WARN_UNREACHABLE_CODE = YES;
				CLANG_WARN__DUPLICATE_METHOD_MATCH = YES;
				COPY_PHASE_STRIP = NO;
				DEBUG_INFORMATION_FORMAT = "dwarf-with-dsym";
				ENABLE_NS_ASSERTIONS = NO;
				ENABLE_STRICT_OBJC_MSGSEND = YES;
				GCC_C_LANGUAGE_STANDARD = gnu11;
				GCC_NO_COMMON_BLOCKS = YES;
				GCC_WARN_64_TO_32_BIT_CONVERSION = YES;
				GCC_WARN_ABOUT_RETURN_TYPE = YES_ERROR;
				GCC_WARN_UNDECLARED_SELECTOR = YES;
				GCC_WARN_UNINITIALIZED_AUTOS = YES_AGGRESSIVE;
				GCC_WARN_UNUSED_FUNCTION = YES;
				GCC_WARN_UNUSED_VARIABLE = YES;
				IPHONEOS_DEPLOYMENT_TARGET = 16.4;
				MTL_ENABLE_DEBUG_INFO = NO;
				MTL_FAST_MATH = YES;
				SDKROOT = iphoneos;
				SWIFT_COMPILATION_MODE = wholemodule;
				SWIFT_OPTIMIZATION_LEVEL = "-O";
				VALIDATE_PRODUCT = YES;
			};
			name = Release;
		};
		111659302A3E212E00B6A02A /* Debug */ = {
			isa = XCBuildConfiguration;
			buildSettings = {
				ASSETCATALOG_COMPILER_APPICON_NAME = AppIcon;
				ASSETCATALOG_COMPILER_GLOBAL_ACCENT_COLOR_NAME = AccentColor;
				CODE_SIGN_STYLE = Automatic;
				CURRENT_PROJECT_VERSION = 1;
				DEVELOPMENT_ASSET_PATHS = "\"Your Trip/Preview Content\"";
				DEVELOPMENT_TEAM = ZASPB3G349;
				ENABLE_PREVIEWS = YES;
				GENERATE_INFOPLIST_FILE = YES;
				INFOPLIST_KEY_UIApplicationSceneManifest_Generation = YES;
				INFOPLIST_KEY_UIApplicationSupportsIndirectInputEvents = YES;
				INFOPLIST_KEY_UILaunchScreen_Generation = YES;
				INFOPLIST_KEY_UISupportedInterfaceOrientations_iPad = "UIInterfaceOrientationPortrait UIInterfaceOrientationPortraitUpsideDown UIInterfaceOrientationLandscapeLeft UIInterfaceOrientationLandscapeRight";
				INFOPLIST_KEY_UISupportedInterfaceOrientations_iPhone = "UIInterfaceOrientationPortrait UIInterfaceOrientationLandscapeLeft UIInterfaceOrientationLandscapeRight";
				LD_RUNPATH_SEARCH_PATHS = (
					"$(inherited)",
					"@executable_path/Frameworks",
				);
				MARKETING_VERSION = 1.0;
				PRODUCT_BUNDLE_IDENTIFIER = "com.ryanair.Your-Trip";
				PRODUCT_NAME = "$(TARGET_NAME)";
				SWIFT_EMIT_LOC_STRINGS = YES;
				SWIFT_VERSION = 5.0;
				TARGETED_DEVICE_FAMILY = "1,2";
			};
			name = Debug;
		};
		111659312A3E212E00B6A02A /* Release */ = {
			isa = XCBuildConfiguration;
			buildSettings = {
				ASSETCATALOG_COMPILER_APPICON_NAME = AppIcon;
				ASSETCATALOG_COMPILER_GLOBAL_ACCENT_COLOR_NAME = AccentColor;
				CODE_SIGN_STYLE = Automatic;
				CURRENT_PROJECT_VERSION = 1;
				DEVELOPMENT_ASSET_PATHS = "\"Your Trip/Preview Content\"";
				DEVELOPMENT_TEAM = ZASPB3G349;
				ENABLE_PREVIEWS = YES;
				GENERATE_INFOPLIST_FILE = YES;
				INFOPLIST_KEY_UIApplicationSceneManifest_Generation = YES;
				INFOPLIST_KEY_UIApplicationSupportsIndirectInputEvents = YES;
				INFOPLIST_KEY_UILaunchScreen_Generation = YES;
				INFOPLIST_KEY_UISupportedInterfaceOrientations_iPad = "UIInterfaceOrientationPortrait UIInterfaceOrientationPortraitUpsideDown UIInterfaceOrientationLandscapeLeft UIInterfaceOrientationLandscapeRight";
				INFOPLIST_KEY_UISupportedInterfaceOrientations_iPhone = "UIInterfaceOrientationPortrait UIInterfaceOrientationLandscapeLeft UIInterfaceOrientationLandscapeRight";
				LD_RUNPATH_SEARCH_PATHS = (
					"$(inherited)",
					"@executable_path/Frameworks",
				);
				MARKETING_VERSION = 1.0;
				PRODUCT_BUNDLE_IDENTIFIER = "com.ryanair.Your-Trip";
				PRODUCT_NAME = "$(TARGET_NAME)";
				SWIFT_EMIT_LOC_STRINGS = YES;
				SWIFT_VERSION = 5.0;
				TARGETED_DEVICE_FAMILY = "1,2";
			};
			name = Release;
		};
		111659332A3E212E00B6A02A /* Debug */ = {
			isa = XCBuildConfiguration;
			buildSettings = {
				ALWAYS_EMBED_SWIFT_STANDARD_LIBRARIES = YES;
				BUNDLE_LOADER = "$(TEST_HOST)";
				CODE_SIGN_STYLE = Automatic;
				CURRENT_PROJECT_VERSION = 1;
				DEVELOPMENT_TEAM = ZASPB3G349;
				GENERATE_INFOPLIST_FILE = YES;
				IPHONEOS_DEPLOYMENT_TARGET = 16.4;
				MARKETING_VERSION = 1.0;
				PRODUCT_BUNDLE_IDENTIFIER = "com.ryanair.Your-TripTests";
				PRODUCT_NAME = "$(TARGET_NAME)";
				SWIFT_EMIT_LOC_STRINGS = NO;
				SWIFT_VERSION = 5.0;
				TARGETED_DEVICE_FAMILY = "1,2";
				TEST_HOST = "$(BUILT_PRODUCTS_DIR)/Your Trip.app/$(BUNDLE_EXECUTABLE_FOLDER_PATH)/Your Trip";
			};
			name = Debug;
		};
		111659342A3E212E00B6A02A /* Release */ = {
			isa = XCBuildConfiguration;
			buildSettings = {
				ALWAYS_EMBED_SWIFT_STANDARD_LIBRARIES = YES;
				BUNDLE_LOADER = "$(TEST_HOST)";
				CODE_SIGN_STYLE = Automatic;
				CURRENT_PROJECT_VERSION = 1;
				DEVELOPMENT_TEAM = ZASPB3G349;
				GENERATE_INFOPLIST_FILE = YES;
				IPHONEOS_DEPLOYMENT_TARGET = 16.4;
				MARKETING_VERSION = 1.0;
				PRODUCT_BUNDLE_IDENTIFIER = "com.ryanair.Your-TripTests";
				PRODUCT_NAME = "$(TARGET_NAME)";
				SWIFT_EMIT_LOC_STRINGS = NO;
				SWIFT_VERSION = 5.0;
				TARGETED_DEVICE_FAMILY = "1,2";
				TEST_HOST = "$(BUILT_PRODUCTS_DIR)/Your Trip.app/$(BUNDLE_EXECUTABLE_FOLDER_PATH)/Your Trip";
			};
			name = Release;
		};
		111659362A3E212E00B6A02A /* Debug */ = {
			isa = XCBuildConfiguration;
			buildSettings = {
				ALWAYS_EMBED_SWIFT_STANDARD_LIBRARIES = YES;
				CODE_SIGN_STYLE = Automatic;
				CURRENT_PROJECT_VERSION = 1;
				DEVELOPMENT_TEAM = ZASPB3G349;
				GENERATE_INFOPLIST_FILE = YES;
				MARKETING_VERSION = 1.0;
				PRODUCT_BUNDLE_IDENTIFIER = "com.ryanair.Your-TripUITests";
				PRODUCT_NAME = "$(TARGET_NAME)";
				SWIFT_EMIT_LOC_STRINGS = NO;
				SWIFT_VERSION = 5.0;
				TARGETED_DEVICE_FAMILY = "1,2";
				TEST_TARGET_NAME = "Your Trip";
			};
			name = Debug;
		};
		111659372A3E212E00B6A02A /* Release */ = {
			isa = XCBuildConfiguration;
			buildSettings = {
				ALWAYS_EMBED_SWIFT_STANDARD_LIBRARIES = YES;
				CODE_SIGN_STYLE = Automatic;
				CURRENT_PROJECT_VERSION = 1;
				DEVELOPMENT_TEAM = ZASPB3G349;
				GENERATE_INFOPLIST_FILE = YES;
				MARKETING_VERSION = 1.0;
				PRODUCT_BUNDLE_IDENTIFIER = "com.ryanair.Your-TripUITests";
				PRODUCT_NAME = "$(TARGET_NAME)";
				SWIFT_EMIT_LOC_STRINGS = NO;
				SWIFT_VERSION = 5.0;
				TARGETED_DEVICE_FAMILY = "1,2";
				TEST_TARGET_NAME = "Your Trip";
			};
			name = Release;
		};
/* End XCBuildConfiguration section */

/* Begin XCConfigurationList section */
		111659062A3E212D00B6A02A /* Build configuration list for PBXProject "Your Trip" */ = {
			isa = XCConfigurationList;
			buildConfigurations = (
				1116592D2A3E212E00B6A02A /* Debug */,
				1116592E2A3E212E00B6A02A /* Release */,
			);
			defaultConfigurationIsVisible = 0;
			defaultConfigurationName = Release;
		};
		1116592F2A3E212E00B6A02A /* Build configuration list for PBXNativeTarget "Your Trip" */ = {
			isa = XCConfigurationList;
			buildConfigurations = (
				111659302A3E212E00B6A02A /* Debug */,
				111659312A3E212E00B6A02A /* Release */,
			);
			defaultConfigurationIsVisible = 0;
			defaultConfigurationName = Release;
		};
		111659322A3E212E00B6A02A /* Build configuration list for PBXNativeTarget "Your TripTests" */ = {
			isa = XCConfigurationList;
			buildConfigurations = (
				111659332A3E212E00B6A02A /* Debug */,
				111659342A3E212E00B6A02A /* Release */,
			);
			defaultConfigurationIsVisible = 0;
			defaultConfigurationName = Release;
		};
		111659352A3E212E00B6A02A /* Build configuration list for PBXNativeTarget "Your TripUITests" */ = {
			isa = XCConfigurationList;
			buildConfigurations = (
				111659362A3E212E00B6A02A /* Debug */,
				111659372A3E212E00B6A02A /* Release */,
			);
			defaultConfigurationIsVisible = 0;
			defaultConfigurationName = Release;
		};
/* End XCConfigurationList section */

/* Begin XCRemoteSwiftPackageReference section */
		111659382A3E227C00B6A02A /* XCRemoteSwiftPackageReference "swift-composable-architecture" */ = {
			isa = XCRemoteSwiftPackageReference;
			repositoryURL = "https://github.com/pointfreeco/swift-composable-architecture.git";
			requirement = {
				kind = upToNextMajorVersion;
				minimumVersion = 0.54.1;
			};
		};
/* End XCRemoteSwiftPackageReference section */

/* Begin XCSwiftPackageProductDependency section */
		111659392A3E227C00B6A02A /* ComposableArchitecture */ = {
			isa = XCSwiftPackageProductDependency;
			package = 111659382A3E227C00B6A02A /* XCRemoteSwiftPackageReference "swift-composable-architecture" */;
			productName = ComposableArchitecture;
		};
/* End XCSwiftPackageProductDependency section */
	};
	rootObject = 111659032A3E212D00B6A02A /* Project object */;
}
